
Microsoft Visual Studio Solution File, Format Version 12.00
# Visual Studio Version 16
VisualStudioVersion = 16.0.31025.194
MinimumVisualStudioVersion = 10.0.40219.1
Project("{FAE04EC0-301F-11D3-BF4B-00C04F79EFBC}") = "BD", "BD\BD.csproj", "{10355E4E-AF0F-4B0E-8195-37023A07B1ED}"
EndProject
Global
	GlobalSection(SolutionConfigurationPlatforms) = preSolution
		Debug|Any CPU = Debug|Any CPU
		Release|Any CPU = Release|Any CPU
	EndGlobalSection
	GlobalSection(ProjectConfigurationPlatforms) = postSolution
		{10355E4E-AF0F-4B0E-8195-37023A07B1ED}.Debug|Any CPU.ActiveCfg = Debug|Any CPU
		{10355E4E-AF0F-4B0E-8195-37023A07B1ED}.Debug|Any CPU.Build.0 = Debug|Any CPU
		{10355E4E-AF0F-4B0E-8195-37023A07B1ED}.Release|Any CPU.ActiveCfg = Release|Any CPU
		{10355E4E-AF0F-4B0E-8195-37023A07B1ED}.Release|Any CPU.Build.0 = Release|Any CPU
	EndGlobalSection
	GlobalSection(SolutionProperties) = preSolution
		HideSolutionNode = FALSE
	EndGlobalSection
	GlobalSection(ExtensibilityGlobals) = postSolution
		SolutionGuid = {28999B85-338C-4237-8757-6B55179C0DCB}
	EndGlobalSection
EndGlobal
